// !$*UTF8*$!
{
	archiveVersion = 1;
	classes = {
	};
	objectVersion = 46;
	objects = {

/* Begin PBXBuildFile section */
		189EF08B1CE5FE0D009961B5 /* AppDelegate.swift in Sources */ = {isa = PBXBuildFile; fileRef = 189EF08A1CE5FE0D009961B5 /* AppDelegate.swift */; };
		189EF08D1CE5FE0D009961B5 /* ViewController.swift in Sources */ = {isa = PBXBuildFile; fileRef = 189EF08C1CE5FE0D009961B5 /* ViewController.swift */; };
		189EF0901CE5FE0D009961B5 /* Main.storyboard in Resources */ = {isa = PBXBuildFile; fileRef = 189EF08E1CE5FE0D009961B5 /* Main.storyboard */; };
		189EF0921CE5FE0D009961B5 /* Assets.xcassets in Resources */ = {isa = PBXBuildFile; fileRef = 189EF0911CE5FE0D009961B5 /* Assets.xcassets */; };
		189EF0951CE5FE0D009961B5 /* LaunchScreen.storyboard in Resources */ = {isa = PBXBuildFile; fileRef = 189EF0931CE5FE0D009961B5 /* LaunchScreen.storyboard */; };
		189EF0A01CE5FE0D009961B5 /* OEPickerViewTests.swift in Sources */ = {isa = PBXBuildFile; fileRef = 189EF09F1CE5FE0D009961B5 /* OEPickerViewTests.swift */; };
		189EF0AB1CE5FE0D009961B5 /* OEPickerViewUITests.swift in Sources */ = {isa = PBXBuildFile; fileRef = 189EF0AA1CE5FE0D009961B5 /* OEPickerViewUITests.swift */; };
		189EF0B91CE5FE27009961B5 /* OEPickerView.swift in Sources */ = {isa = PBXBuildFile; fileRef = 189EF0B81CE5FE27009961B5 /* OEPickerView.swift */; };
		189EF0BF1CE61673009961B5 /* OEPickerCell.swift in Sources */ = {isa = PBXBuildFile; fileRef = 189EF0BE1CE61673009961B5 /* OEPickerCell.swift */; };
		189EF0C31CE70D0E009961B5 /* OEDatePicker.swift in Sources */ = {isa = PBXBuildFile; fileRef = 189EF0C21CE70D0E009961B5 /* OEDatePicker.swift */; };
/* End PBXBuildFile section */

/* Begin PBXContainerItemProxy section */
		189EF09C1CE5FE0D009961B5 /* PBXContainerItemProxy */ = {
			isa = PBXContainerItemProxy;
			containerPortal = 189EF07F1CE5FE0D009961B5 /* Project object */;
			proxyType = 1;
			remoteGlobalIDString = 189EF0861CE5FE0D009961B5;
			remoteInfo = OEPickerView;
		};
		189EF0A71CE5FE0D009961B5 /* PBXContainerItemProxy */ = {
			isa = PBXContainerItemProxy;
			containerPortal = 189EF07F1CE5FE0D009961B5 /* Project object */;
			proxyType = 1;
			remoteGlobalIDString = 189EF0861CE5FE0D009961B5;
			remoteInfo = OEPickerView;
		};
/* End PBXContainerItemProxy section */

/* Begin PBXFileReference section */
		189EF0871CE5FE0D009961B5 /* OEPickerView.app */ = {isa = PBXFileReference; explicitFileType = wrapper.application; includeInIndex = 0; path = OEPickerView.app; sourceTree = BUILT_PRODUCTS_DIR; };
		189EF08A1CE5FE0D009961B5 /* AppDelegate.swift */ = {isa = PBXFileReference; lastKnownFileType = sourcecode.swift; path = AppDelegate.swift; sourceTree = "<group>"; };
		189EF08C1CE5FE0D009961B5 /* ViewController.swift */ = {isa = PBXFileReference; lastKnownFileType = sourcecode.swift; path = ViewController.swift; sourceTree = "<group>"; };
		189EF08F1CE5FE0D009961B5 /* Base */ = {isa = PBXFileReference; lastKnownFileType = file.storyboard; name = Base; path = Base.lproj/Main.storyboard; sourceTree = "<group>"; };
		189EF0911CE5FE0D009961B5 /* Assets.xcassets */ = {isa = PBXFileReference; lastKnownFileType = folder.assetcatalog; path = Assets.xcassets; sourceTree = "<group>"; };
		189EF0941CE5FE0D009961B5 /* Base */ = {isa = PBXFileReference; lastKnownFileType = file.storyboard; name = Base; path = Base.lproj/LaunchScreen.storyboard; sourceTree = "<group>"; };
		189EF0961CE5FE0D009961B5 /* Info.plist */ = {isa = PBXFileReference; lastKnownFileType = text.plist.xml; path = Info.plist; sourceTree = "<group>"; };
		189EF09B1CE5FE0D009961B5 /* OEPickerViewTests.xctest */ = {isa = PBXFileReference; explicitFileType = wrapper.cfbundle; includeInIndex = 0; path = OEPickerViewTests.xctest; sourceTree = BUILT_PRODUCTS_DIR; };
		189EF09F1CE5FE0D009961B5 /* OEPickerViewTests.swift */ = {isa = PBXFileReference; lastKnownFileType = sourcecode.swift; path = OEPickerViewTests.swift; sourceTree = "<group>"; };
		189EF0A11CE5FE0D009961B5 /* Info.plist */ = {isa = PBXFileReference; lastKnownFileType = text.plist.xml; path = Info.plist; sourceTree = "<group>"; };
		189EF0A61CE5FE0D009961B5 /* OEPickerViewUITests.xctest */ = {isa = PBXFileReference; explicitFileType = wrapper.cfbundle; includeInIndex = 0; path = OEPickerViewUITests.xctest; sourceTree = BUILT_PRODUCTS_DIR; };
		189EF0AA1CE5FE0D009961B5 /* OEPickerViewUITests.swift */ = {isa = PBXFileReference; lastKnownFileType = sourcecode.swift; path = OEPickerViewUITests.swift; sourceTree = "<group>"; };
		189EF0AC1CE5FE0D009961B5 /* Info.plist */ = {isa = PBXFileReference; lastKnownFileType = text.plist.xml; path = Info.plist; sourceTree = "<group>"; };
		189EF0B81CE5FE27009961B5 /* OEPickerView.swift */ = {isa = PBXFileReference; fileEncoding = 4; lastKnownFileType = sourcecode.swift; path = OEPickerView.swift; sourceTree = "<group>"; };
		189EF0BE1CE61673009961B5 /* OEPickerCell.swift */ = {isa = PBXFileReference; fileEncoding = 4; lastKnownFileType = sourcecode.swift; name = OEPickerCell.swift; path = ../OEPickerCell.swift; sourceTree = "<group>"; };
		189EF0C21CE70D0E009961B5 /* OEDatePicker.swift */ = {isa = PBXFileReference; fileEncoding = 4; lastKnownFileType = sourcecode.swift; path = OEDatePicker.swift; sourceTree = "<group>"; };
/* End PBXFileReference section */

/* Begin PBXFrameworksBuildPhase section */
		189EF0841CE5FE0D009961B5 /* Frameworks */ = {
			isa = PBXFrameworksBuildPhase;
			buildActionMask = 2147483647;
			files = (
			);
			runOnlyForDeploymentPostprocessing = 0;
		};
		189EF0981CE5FE0D009961B5 /* Frameworks */ = {
			isa = PBXFrameworksBuildPhase;
			buildActionMask = 2147483647;
			files = (
			);
			runOnlyForDeploymentPostprocessing = 0;
		};
		189EF0A31CE5FE0D009961B5 /* Frameworks */ = {
			isa = PBXFrameworksBuildPhase;
			buildActionMask = 2147483647;
			files = (
			);
			runOnlyForDeploymentPostprocessing = 0;
		};
/* End PBXFrameworksBuildPhase section */

/* Begin PBXGroup section */
		189EF07E1CE5FE0D009961B5 = {
			isa = PBXGroup;
			children = (
				189EF0891CE5FE0D009961B5 /* OEPickerView */,
				189EF09E1CE5FE0D009961B5 /* OEPickerViewTests */,
				189EF0A91CE5FE0D009961B5 /* OEPickerViewUITests */,
				189EF0881CE5FE0D009961B5 /* Products */,
			);
			sourceTree = "<group>";
		};
		189EF0881CE5FE0D009961B5 /* Products */ = {
			isa = PBXGroup;
			children = (
				189EF0871CE5FE0D009961B5 /* OEPickerView.app */,
				189EF09B1CE5FE0D009961B5 /* OEPickerViewTests.xctest */,
				189EF0A61CE5FE0D009961B5 /* OEPickerViewUITests.xctest */,
			);
			name = Products;
			sourceTree = "<group>";
		};
		189EF0891CE5FE0D009961B5 /* OEPickerView */ = {
			isa = PBXGroup;
			children = (
				189EF08A1CE5FE0D009961B5 /* AppDelegate.swift */,
				189EF08C1CE5FE0D009961B5 /* ViewController.swift */,
				189EF08E1CE5FE0D009961B5 /* Main.storyboard */,
				189EF0B81CE5FE27009961B5 /* OEPickerView.swift */,
				189EF0C21CE70D0E009961B5 /* OEDatePicker.swift */,
				189EF0BE1CE61673009961B5 /* OEPickerCell.swift */,
				189EF0911CE5FE0D009961B5 /* Assets.xcassets */,
				189EF0931CE5FE0D009961B5 /* LaunchScreen.storyboard */,
				189EF0961CE5FE0D009961B5 /* Info.plist */,
			);
			path = OEPickerView;
			sourceTree = "<group>";
		};
		189EF09E1CE5FE0D009961B5 /* OEPickerViewTests */ = {
			isa = PBXGroup;
			children = (
				189EF09F1CE5FE0D009961B5 /* OEPickerViewTests.swift */,
				189EF0A11CE5FE0D009961B5 /* Info.plist */,
			);
			path = OEPickerViewTests;
			sourceTree = "<group>";
		};
		189EF0A91CE5FE0D009961B5 /* OEPickerViewUITests */ = {
			isa = PBXGroup;
			children = (
				189EF0AA1CE5FE0D009961B5 /* OEPickerViewUITests.swift */,
				189EF0AC1CE5FE0D009961B5 /* Info.plist */,
			);
			path = OEPickerViewUITests;
			sourceTree = "<group>";
		};
/* End PBXGroup section */

/* Begin PBXNativeTarget section */
		189EF0861CE5FE0D009961B5 /* OEPickerView */ = {
			isa = PBXNativeTarget;
			buildConfigurationList = 189EF0AF1CE5FE0D009961B5 /* Build configuration list for PBXNativeTarget "OEPickerView" */;
			buildPhases = (
				189EF0831CE5FE0D009961B5 /* Sources */,
				189EF0841CE5FE0D009961B5 /* Frameworks */,
				189EF0851CE5FE0D009961B5 /* Resources */,
			);
			buildRules = (
			);
			dependencies = (
			);
			name = OEPickerView;
			productName = OEPickerView;
			productReference = 189EF0871CE5FE0D009961B5 /* OEPickerView.app */;
			productType = "com.apple.product-type.application";
		};
		189EF09A1CE5FE0D009961B5 /* OEPickerViewTests */ = {
			isa = PBXNativeTarget;
			buildConfigurationList = 189EF0B21CE5FE0D009961B5 /* Build configuration list for PBXNativeTarget "OEPickerViewTests" */;
			buildPhases = (
				189EF0971CE5FE0D009961B5 /* Sources */,
				189EF0981CE5FE0D009961B5 /* Frameworks */,
				189EF0991CE5FE0D009961B5 /* Resources */,
			);
			buildRules = (
			);
			dependencies = (
				189EF09D1CE5FE0D009961B5 /* PBXTargetDependency */,
			);
			name = OEPickerViewTests;
			productName = OEPickerViewTests;
			productReference = 189EF09B1CE5FE0D009961B5 /* OEPickerViewTests.xctest */;
			productType = "com.apple.product-type.bundle.unit-test";
		};
		189EF0A51CE5FE0D009961B5 /* OEPickerViewUITests */ = {
			isa = PBXNativeTarget;
			buildConfigurationList = 189EF0B51CE5FE0D009961B5 /* Build configuration list for PBXNativeTarget "OEPickerViewUITests" */;
			buildPhases = (
				189EF0A21CE5FE0D009961B5 /* Sources */,
				189EF0A31CE5FE0D009961B5 /* Frameworks */,
				189EF0A41CE5FE0D009961B5 /* Resources */,
			);
			buildRules = (
			);
			dependencies = (
				189EF0A81CE5FE0D009961B5 /* PBXTargetDependency */,
			);
			name = OEPickerViewUITests;
			productName = OEPickerViewUITests;
			productReference = 189EF0A61CE5FE0D009961B5 /* OEPickerViewUITests.xctest */;
			productType = "com.apple.product-type.bundle.ui-testing";
		};
/* End PBXNativeTarget section */

/* Begin PBXProject section */
		189EF07F1CE5FE0D009961B5 /* Project object */ = {
			isa = PBXProject;
			attributes = {
				LastSwiftUpdateCheck = 0730;
				LastUpgradeCheck = 0730;
				ORGANIZATIONNAME = Gaooof;
				TargetAttributes = {
					189EF0861CE5FE0D009961B5 = {
						CreatedOnToolsVersion = 7.3;
						DevelopmentTeam = BQ49B8YY9P;
					};
					189EF09A1CE5FE0D009961B5 = {
						CreatedOnToolsVersion = 7.3;
						DevelopmentTeam = BQ49B8YY9P;
						TestTargetID = 189EF0861CE5FE0D009961B5;
					};
					189EF0A51CE5FE0D009961B5 = {
						CreatedOnToolsVersion = 7.3;
						DevelopmentTeam = BQ49B8YY9P;
						TestTargetID = 189EF0861CE5FE0D009961B5;
					};
				};
			};
			buildConfigurationList = 189EF0821CE5FE0D009961B5 /* Build configuration list for PBXProject "OEPickerView" */;
			compatibilityVersion = "Xcode 3.2";
			developmentRegion = English;
			hasScannedForEncodings = 0;
			knownRegions = (
				en,
				Base,
			);
			mainGroup = 189EF07E1CE5FE0D009961B5;
			productRefGroup = 189EF0881CE5FE0D009961B5 /* Products */;
			projectDirPath = "";
			projectRoot = "";
			targets = (
				189EF0861CE5FE0D009961B5 /* OEPickerView */,
				189EF09A1CE5FE0D009961B5 /* OEPickerViewTests */,
				189EF0A51CE5FE0D009961B5 /* OEPickerViewUITests */,
			);
		};
/* End PBXProject section */

/* Begin PBXResourcesBuildPhase section */
		189EF0851CE5FE0D009961B5 /* Resources */ = {
			isa = PBXResourcesBuildPhase;
			buildActionMask = 2147483647;
			files = (
				189EF0951CE5FE0D009961B5 /* LaunchScreen.storyboard in Resources */,
				189EF0921CE5FE0D009961B5 /* Assets.xcassets in Resources */,
				189EF0901CE5FE0D009961B5 /* Main.storyboard in Resources */,
			);
			runOnlyForDeploymentPostprocessing = 0;
		};
		189EF0991CE5FE0D009961B5 /* Resources */ = {
			isa = PBXResourcesBuildPhase;
			buildActionMask = 2147483647;
			files = (
			);
			runOnlyForDeploymentPostprocessing = 0;
		};
		189EF0A41CE5FE0D009961B5 /* Resources */ = {
			isa = PBXResourcesBuildPhase;
			buildActionMask = 2147483647;
			files = (
			);
			runOnlyForDeploymentPostprocessing = 0;
		};
/* End PBXResourcesBuildPhase section */

/* Begin PBXSourcesBuildPhase section */
		189EF0831CE5FE0D009961B5 /* Sources */ = {
			isa = PBXSourcesBuildPhase;
			buildActionMask = 2147483647;
			files = (
				189EF0B91CE5FE27009961B5 /* OEPickerView.swift in Sources */,
				189EF0C31CE70D0E009961B5 /* OEDatePicker.swift in Sources */,
				189EF0BF1CE61673009961B5 /* OEPickerCell.swift in Sources */,
				189EF08D1CE5FE0D009961B5 /* ViewController.swift in Sources */,
				189EF08B1CE5FE0D009961B5 /* AppDelegate.swift in Sources */,
			);
			runOnlyForDeploymentPostprocessing = 0;
		};
		189EF0971CE5FE0D009961B5 /* Sources */ = {
			isa = PBXSourcesBuildPhase;
			buildActionMask = 2147483647;
			files = (
				189EF0A01CE5FE0D009961B5 /* OEPickerViewTests.swift in Sources */,
			);
			runOnlyForDeploymentPostprocessing = 0;
		};
		189EF0A21CE5FE0D009961B5 /* Sources */ = {
			isa = PBXSourcesBuildPhase;
			buildActionMask = 2147483647;
			files = (
				189EF0AB1CE5FE0D009961B5 /* OEPickerViewUITests.swift in Sources */,
			);
			runOnlyForDeploymentPostprocessing = 0;
		};
/* End PBXSourcesBuildPhase section */

/* Begin PBXTargetDependency section */
		189EF09D1CE5FE0D009961B5 /* PBXTargetDependency */ = {
			isa = PBXTargetDependency;
			target = 189EF0861CE5FE0D009961B5 /* OEPickerView */;
			targetProxy = 189EF09C1CE5FE0D009961B5 /* PBXContainerItemProxy */;
		};
		189EF0A81CE5FE0D009961B5 /* PBXTargetDependency */ = {
			isa = PBXTargetDependency;
			target = 189EF0861CE5FE0D009961B5 /* OEPickerView */;
			targetProxy = 189EF0A71CE5FE0D009961B5 /* PBXContainerItemProxy */;
		};
/* End PBXTargetDependency section */

/* Begin PBXVariantGroup section */
		189EF08E1CE5FE0D009961B5 /* Main.storyboard */ = {
			isa = PBXVariantGroup;
			children = (
				189EF08F1CE5FE0D009961B5 /* Base */,
			);
			name = Main.storyboard;
			sourceTree = "<group>";
		};
		189EF0931CE5FE0D009961B5 /* LaunchScreen.storyboard */ = {
			isa = PBXVariantGroup;
			children = (
				189EF0941CE5FE0D009961B5 /* Base */,
			);
			name = LaunchScreen.storyboard;
			sourceTree = "<group>";
		};
/* End PBXVariantGroup section */

/* Begin XCBuildConfiguration section */
		189EF0AD1CE5FE0D009961B5 /* Debug */ = {
			isa = XCBuildConfiguration;
			buildSettings = {
				ALWAYS_SEARCH_USER_PATHS = NO;
				CLANG_ANALYZER_NONNULL = YES;
				CLANG_CXX_LANGUAGE_STANDARD = "gnu++0x";
				CLANG_CXX_LIBRARY = "libc++";
				CLANG_ENABLE_MODULES = YES;
				CLANG_ENABLE_OBJC_ARC = YES;
				CLANG_WARN_BOOL_CONVERSION = YES;
				CLANG_WARN_CONSTANT_CONVERSION = YES;
				CLANG_WARN_DIRECT_OBJC_ISA_USAGE = YES_ERROR;
				CLANG_WARN_EMPTY_BODY = YES;
				CLANG_WARN_ENUM_CONVERSION = YES;
				CLANG_WARN_INT_CONVERSION = YES;
				CLANG_WARN_OBJC_ROOT_CLASS = YES_ERROR;
				CLANG_WARN_UNREACHABLE_CODE = YES;
				CLANG_WARN__DUPLICATE_METHOD_MATCH = YES;
				"CODE_SIGN_IDENTITY[sdk=iphoneos*]" = "iPhone Developer";
				COPY_PHASE_STRIP = NO;
				DEBUG_INFORMATION_FORMAT = dwarf;
				ENABLE_STRICT_OBJC_MSGSEND = YES;
				ENABLE_TESTABILITY = YES;
				GCC_C_LANGUAGE_STANDARD = gnu99;
				GCC_DYNAMIC_NO_PIC = NO;
				GCC_NO_COMMON_BLOCKS = YES;
				GCC_OPTIMIZATION_LEVEL = 0;
				GCC_PREPROCESSOR_DEFINITIONS = (
					"DEBUG=1",
					"$(inherited)",
				);
				GCC_WARN_64_TO_32_BIT_CONVERSION = YES;
				GCC_WARN_ABOUT_RETURN_TYPE = YES_ERROR;
				GCC_WARN_UNDECLARED_SELECTOR = YES;
				GCC_WARN_UNINITIALIZED_AUTOS = YES_AGGRESSIVE;
				GCC_WARN_UNUSED_FUNCTION = YES;
				GCC_WARN_UNUSED_VARIABLE = YES;
				IPHONEOS_DEPLOYMENT_TARGET = 9.3;
				MTL_ENABLE_DEBUG_INFO = YES;
				ONLY_ACTIVE_ARCH = YES;
				SDKROOT = iphoneos;
				SWIFT_OPTIMIZATION_LEVEL = "-Onone";
			};
			name = Debug;
		};
		189EF0AE1CE5FE0D009961B5 /* Release */ = {
			isa = XCBuildConfiguration;
			buildSettings = {
				ALWAYS_SEARCH_USER_PATHS = NO;
				CLANG_ANALYZER_NONNULL = YES;
				CLANG_CXX_LANGUAGE_STANDARD = "gnu++0x";
				CLANG_CXX_LIBRARY = "libc++";
				CLANG_ENABLE_MODULES = YES;
				CLANG_ENABLE_OBJC_ARC = YES;
				CLANG_WARN_BOOL_CONVERSION = YES;
				CLANG_WARN_CONSTANT_CONVERSION = YES;
				CLANG_WARN_DIRECT_OBJC_ISA_USAGE = YES_ERROR;
				CLANG_WARN_EMPTY_BODY = YES;
				CLANG_WARN_ENUM_CONVERSION = YES;
				CLANG_WARN_INT_CONVERSION = YES;
				CLANG_WARN_OBJC_ROOT_CLASS = YES_ERROR;
				CLANG_WARN_UNREACHABLE_CODE = YES;
				CLANG_WARN__DUPLICATE_METHOD_MATCH = YES;
				"CODE_SIGN_IDENTITY[sdk=iphoneos*]" = "iPhone Developer";
				COPY_PHASE_STRIP = NO;
				DEBUG_INFORMATION_FORMAT = "dwarf-with-dsym";
				ENABLE_NS_ASSERTIONS = NO;
				ENABLE_STRICT_OBJC_MSGSEND = YES;
				GCC_C_LANGUAGE_STANDARD = gnu99;
				GCC_NO_COMMON_BLOCKS = YES;
				GCC_WARN_64_TO_32_BIT_CONVERSION = YES;
				GCC_WARN_ABOUT_RETURN_TYPE = YES_ERROR;
				GCC_WARN_UNDECLARED_SELECTOR = YES;
				GCC_WARN_UNINITIALIZED_AUTOS = YES_AGGRESSIVE;
				GCC_WARN_UNUSED_FUNCTION = YES;
				GCC_WARN_UNUSED_VARIABLE = YES;
				IPHONEOS_DEPLOYMENT_TARGET = 9.3;
				MTL_ENABLE_DEBUG_INFO = NO;
				SDKROOT = iphoneos;
				VALIDATE_PRODUCT = YES;
			};
			name = Release;
		};
		189EF0B01CE5FE0D009961B5 /* Debug */ = {
			isa = XCBuildConfiguration;
			buildSettings = {
				ASSETCATALOG_COMPILER_APPICON_NAME = AppIcon;
				INFOPLIST_FILE = OEPickerView/Info.plist;
				LD_RUNPATH_SEARCH_PATHS = "$(inherited) @executable_path/Frameworks";
				PRODUCT_BUNDLE_IDENTIFIER = Gaooof.OEPickerView;
				PRODUCT_NAME = "$(TARGET_NAME)";
			};
			name = Debug;
		};
		189EF0B11CE5FE0D009961B5 /* Release */ = {
			isa = XCBuildConfiguration;
			buildSettings = {
				ASSETCATALOG_COMPILER_APPICON_NAME = AppIcon;
				INFOPLIST_FILE = OEPickerView/Info.plist;
				LD_RUNPATH_SEARCH_PATHS = "$(inherited) @executable_path/Frameworks";
				PRODUCT_BUNDLE_IDENTIFIER = Gaooof.OEPickerView;
				PRODUCT_NAME = "$(TARGET_NAME)";
			};
			name = Release;
		};
		189EF0B31CE5FE0D009961B5 /* Debug */ = {
			isa = XCBuildConfiguration;
			buildSettings = {
				BUNDLE_LOADER = "$(TEST_HOST)";
				INFOPLIST_FILE = OEPickerViewTests/Info.plist;
				LD_RUNPATH_SEARCH_PATHS = "$(inherited) @executable_path/Frameworks @loader_path/Frameworks";
				PRODUCT_BUNDLE_IDENTIFIER = Gaooof.OEPickerViewTests;
				PRODUCT_NAME = "$(TARGET_NAME)";
				TEST_HOST = "$(BUILT_PRODUCTS_DIR)/OEPickerView.app/OEPickerView";
			};
			name = Debug;
		};
		189EF0B41CE5FE0D009961B5 /* Release */ = {
			isa = XCBuildConfiguration;
			buildSettings = {
				BUNDLE_LOADER = "$(TEST_HOST)";
				INFOPLIST_FILE = OEPickerViewTests/Info.plist;
				LD_RUNPATH_SEARCH_PATHS = "$(inherited) @executable_path/Frameworks @loader_path/Frameworks";
				PRODUCT_BUNDLE_IDENTIFIER = Gaooof.OEPickerViewTests;
				PRODUCT_NAME = "$(TARGET_NAME)";
				TEST_HOST = "$(BUILT_PRODUCTS_DIR)/OEPickerView.app/OEPickerView";
			};
			name = Release;
		};
		189EF0B61CE5FE0D009961B5 /* Debug */ = {
			isa = XCBuildConfiguration;
			buildSettings = {
				INFOPLIST_FILE = OEPickerViewUITests/Info.plist;
				LD_RUNPATH_SEARCH_PATHS = "$(inherited) @executable_path/Frameworks @loader_path/Frameworks";
				PRODUCT_BUNDLE_IDENTIFIER = Gaooof.OEPickerViewUITests;
				PRODUCT_NAME = "$(TARGET_NAME)";
				TEST_TARGET_NAME = OEPickerView;
			};
			name = Debug;
		};
		189EF0B71CE5FE0D009961B5 /* Release */ = {
			isa = XCBuildConfiguration;
			buildSettings = {
				INFOPLIST_FILE = OEPickerViewUITests/Info.plist;
				LD_RUNPATH_SEARCH_PATHS = "$(inherited) @executable_path/Frameworks @loader_path/Frameworks";
				PRODUCT_BUNDLE_IDENTIFIER = Gaooof.OEPickerViewUITests;
				PRODUCT_NAME = "$(TARGET_NAME)";
				TEST_TARGET_NAME = OEPickerView;
			};
			name = Release;
		};
/* End XCBuildConfiguration section */

/* Begin XCConfigurationList section */
		189EF0821CE5FE0D009961B5 /* Build configuration list for PBXProject "OEPickerView" */ = {
			isa = XCConfigurationList;
			buildConfigurations = (
				189EF0AD1CE5FE0D009961B5 /* Debug */,
				189EF0AE1CE5FE0D009961B5 /* Release */,
			);
			defaultConfigurationIsVisible = 0;
			defaultConfigurationName = Release;
		};
		189EF0AF1CE5FE0D009961B5 /* Build configuration list for PBXNativeTarget "OEPickerView" */ = {
			isa = XCConfigurationList;
			buildConfigurations = (
				189EF0B01CE5FE0D009961B5 /* Debug */,
				189EF0B11CE5FE0D009961B5 /* Release */,
			);
			defaultConfigurationIsVisible = 0;
		};
		189EF0B21CE5FE0D009961B5 /* Build configuration list for PBXNativeTarget "OEPickerViewTests" */ = {
			isa = XCConfigurationList;
			buildConfigurations = (
				189EF0B31CE5FE0D009961B5 /* Debug */,
				189EF0B41CE5FE0D009961B5 /* Release */,
			);
			defaultConfigurationIsVisible = 0;
		};
		189EF0B51CE5FE0D009961B5 /* Build configuration list for PBXNativeTarget "OEPickerViewUITests" */ = {
			isa = XCConfigurationList;
			buildConfigurations = (
				189EF0B61CE5FE0D009961B5 /* Debug */,
				189EF0B71CE5FE0D009961B5 /* Release */,
			);
			defaultConfigurationIsVisible = 0;
		};
/* End XCConfigurationList section */
	};
	rootObject = 189EF07F1CE5FE0D009961B5 /* Project object */;
}
